
Microsoft Visual Studio Solution File, Format Version 12.00
# Visual Studio Version 16
VisualStudioVersion = 16.0.29424.173
MinimumVisualStudioVersion = 10.0.40219.1
Project("{FAE04EC0-301F-11D3-BF4B-00C04F79EFBC}") = "Multi_Media", "Multi_Media\Multi_Media.csproj", "{669EDA09-2C23-4D91-9E31-DC5AC8DE1DCA}"
EndProject
Global
	GlobalSection(SolutionConfigurationPlatforms) = preSolution
		Debug|Any CPU = Debug|Any CPU
		Release|Any CPU = Release|Any CPU
	EndGlobalSection
	GlobalSection(ProjectConfigurationPlatforms) = postSolution
		{669EDA09-2C23-4D91-9E31-DC5AC8DE1DCA}.Debug|Any CPU.ActiveCfg = Debug|Any CPU
		{669EDA09-2C23-4D91-9E31-DC5AC8DE1DCA}.Debug|Any CPU.Build.0 = Debug|Any CPU
		{669EDA09-2C23-4D91-9E31-DC5AC8DE1DCA}.Release|Any CPU.ActiveCfg = Release|Any CPU
		{669EDA09-2C23-4D91-9E31-DC5AC8DE1DCA}.Release|Any CPU.Build.0 = Release|Any CPU
	EndGlobalSection
	GlobalSection(SolutionProperties) = preSolution
		HideSolutionNode = FALSE
	EndGlobalSection
	GlobalSection(ExtensibilityGlobals) = postSolution
		SolutionGuid = {73F5CD85-4C12-4137-B338-1444F4F06F42}
	EndGlobalSection
EndGlobal
